Microsoft Visual Studio Solution File, Format Version 12.00
# Visual Studio Version 17
VisualStudioVersion = 17.5.2.0
MinimumVisualStudioVersion = 10.0.40219.1
Project("{FAE04EC0-301F-11D3-BF4B-00C04F79EFBC}") = "DotnetEmail", "DotnetEmail.csproj", "{AC4EAF9B-4B21-1355-3220-6CB4A183A8FB}"
EndProject
Global
	GlobalSection(SolutionConfigurationPlatforms) = preSolution
		Debug|Any CPU = Debug|Any CPU
		Release|Any CPU = Release|Any CPU
	EndGlobalSection
	GlobalSection(ProjectConfigurationPlatforms) = postSolution
		{AC4EAF9B-4B21-1355-3220-6CB4A183A8FB}.Debug|Any CPU.ActiveCfg = Debug|Any CPU
		{AC4EAF9B-4B21-1355-3220-6CB4A183A8FB}.Debug|Any CPU.Build.0 = Debug|Any CPU
		{AC4EAF9B-4B21-1355-3220-6CB4A183A8FB}.Release|Any CPU.ActiveCfg = Release|Any CPU
		{AC4EAF9B-4B21-1355-3220-6CB4A183A8FB}.Release|Any CPU.Build.0 = Release|Any CPU
	EndGlobalSection
	GlobalSection(SolutionProperties) = preSolution
		HideSolutionNode = FALSE
	EndGlobalSection
	GlobalSection(ExtensibilityGlobals) = postSolution
		SolutionGuid = {D4C9341E-4371-42DF-A3C0-940BA7E1FDCB}
	EndGlobalSection
EndGlobal
